
Microsoft Visual Studio Solution File, Format Version 12.00
# Visual Studio Version 16
VisualStudioVersion = 16.0.31321.278
MinimumVisualStudioVersion = 10.0.40219.1
Project("{FAE04EC0-301F-11D3-BF4B-00C04F79EFBC}") = "RedeNeural", "RedeNeural\RedeNeural.csproj", "{731C9B1C-D237-4FC0-8A42-859926587960}"
EndProject
Global
	GlobalSection(SolutionConfigurationPlatforms) = preSolution
		Debug|Any CPU = Debug|Any CPU
		Release|Any CPU = Release|Any CPU
	EndGlobalSection
	GlobalSection(ProjectConfigurationPlatforms) = postSolution
		{731C9B1C-D237-4FC0-8A42-859926587960}.Debug|Any CPU.ActiveCfg = Debug|Any CPU
		{731C9B1C-D237-4FC0-8A42-859926587960}.Debug|Any CPU.Build.0 = Debug|Any CPU
		{731C9B1C-D237-4FC0-8A42-859926587960}.Release|Any CPU.ActiveCfg = Release|Any CPU
		{731C9B1C-D237-4FC0-8A42-859926587960}.Release|Any CPU.Build.0 = Release|Any CPU
	EndGlobalSection
	GlobalSection(SolutionProperties) = preSolution
		HideSolutionNode = FALSE
	EndGlobalSection
	GlobalSection(ExtensibilityGlobals) = postSolution
		SolutionGuid = {4DD79348-D3CF-4136-92F2-20EEEB9B524B}
	EndGlobalSection
EndGlobal
